// !$*UTF8*$!
{
	archiveVersion = 1;
	classes = {
	};
	objectVersion = 50;
	objects = {

/* Begin PBXBuildFile section */
		03E6C947222F61F900E60C17 /* AppDelegate.swift in Sources */ = {isa = PBXBuildFile; fileRef = 03E6C946222F61F900E60C17 /* AppDelegate.swift */; };
		03E6C949222F61F900E60C17 /* ViewController.swift in Sources */ = {isa = PBXBuildFile; fileRef = 03E6C948222F61F900E60C17 /* ViewController.swift */; };
		03E6C94C222F61F900E60C17 /* Main.storyboard in Resources */ = {isa = PBXBuildFile; fileRef = 03E6C94A222F61F900E60C17 /* Main.storyboard */; };
		03E6C94E222F61FB00E60C17 /* Assets.xcassets in Resources */ = {isa = PBXBuildFile; fileRef = 03E6C94D222F61FB00E60C17 /* Assets.xcassets */; };
		03E6C951222F61FB00E60C17 /* LaunchScreen.storyboard in Resources */ = {isa = PBXBuildFile; fileRef = 03E6C94F222F61FB00E60C17 /* LaunchScreen.storyboard */; };
		03E6C95C222F61FB00E60C17 /* ParstagramTests.swift in Sources */ = {isa = PBXBuildFile; fileRef = 03E6C95B222F61FB00E60C17 /* ParstagramTests.swift */; };
		03E6C967222F61FB00E60C17 /* ParstagramUITests.swift in Sources */ = {isa = PBXBuildFile; fileRef = 03E6C966222F61FB00E60C17 /* ParstagramUITests.swift */; };
/* End PBXBuildFile section */

/* Begin PBXContainerItemProxy section */
		03E6C958222F61FB00E60C17 /* PBXContainerItemProxy */ = {
			isa = PBXContainerItemProxy;
			containerPortal = 03E6C93B222F61F900E60C17 /* Project object */;
			proxyType = 1;
			remoteGlobalIDString = 03E6C942222F61F900E60C17;
			remoteInfo = Parstagram;
		};
		03E6C963222F61FB00E60C17 /* PBXContainerItemProxy */ = {
			isa = PBXContainerItemProxy;
			containerPortal = 03E6C93B222F61F900E60C17 /* Project object */;
			proxyType = 1;
			remoteGlobalIDString = 03E6C942222F61F900E60C17;
			remoteInfo = Parstagram;
		};
/* End PBXContainerItemProxy section */

/* Begin PBXFileReference section */
		03E6C943222F61F900E60C17 /* Parstagram.app */ = {isa = PBXFileReference; explicitFileType = wrapper.application; includeInIndex = 0; path = Parstagram.app; sourceTree = BUILT_PRODUCTS_DIR; };
		03E6C946222F61F900E60C17 /* AppDelegate.swift */ = {isa = PBXFileReference; lastKnownFileType = sourcecode.swift; path = AppDelegate.swift; sourceTree = "<group>"; };
		03E6C948222F61F900E60C17 /* ViewController.swift */ = {isa = PBXFileReference; lastKnownFileType = sourcecode.swift; path = ViewController.swift; sourceTree = "<group>"; };
		03E6C94B222F61F900E60C17 /* Base */ = {isa = PBXFileReference; lastKnownFileType = file.storyboard; name = Base; path = Base.lproj/Main.storyboard; sourceTree = "<group>"; };
		03E6C94D222F61FB00E60C17 /* Assets.xcassets */ = {isa = PBXFileReference; lastKnownFileType = folder.assetcatalog; path = Assets.xcassets; sourceTree = "<group>"; };
		03E6C950222F61FB00E60C17 /* Base */ = {isa = PBXFileReference; lastKnownFileType = file.storyboard; name = Base; path = Base.lproj/LaunchScreen.storyboard; sourceTree = "<group>"; };
		03E6C952222F61FB00E60C17 /* Info.plist */ = {isa = PBXFileReference; lastKnownFileType = text.plist.xml; path = Info.plist; sourceTree = "<group>"; };
		03E6C957222F61FB00E60C17 /* ParstagramTests.xctest */ = {isa = PBXFileReference; explicitFileType = wrapper.cfbundle; includeInIndex = 0; path = ParstagramTests.xctest; sourceTree = BUILT_PRODUCTS_DIR; };
		03E6C95B222F61FB00E60C17 /* ParstagramTests.swift */ = {isa = PBXFileReference; lastKnownFileType = sourcecode.swift; path = ParstagramTests.swift; sourceTree = "<group>"; };
		03E6C95D222F61FB00E60C17 /* Info.plist */ = {isa = PBXFileReference; lastKnownFileType = text.plist.xml; path = Info.plist; sourceTree = "<group>"; };
		03E6C962222F61FB00E60C17 /* ParstagramUITests.xctest */ = {isa = PBXFileReference; explicitFileType = wrapper.cfbundle; includeInIndex = 0; path = ParstagramUITests.xctest; sourceTree = BUILT_PRODUCTS_DIR; };
		03E6C966222F61FB00E60C17 /* ParstagramUITests.swift */ = {isa = PBXFileReference; lastKnownFileType = sourcecode.swift; path = ParstagramUITests.swift; sourceTree = "<group>"; };
		03E6C968222F61FB00E60C17 /* Info.plist */ = {isa = PBXFileReference; lastKnownFileType = text.plist.xml; path = Info.plist; sourceTree = "<group>"; };
/* End PBXFileReference section */

/* Begin PBXFrameworksBuildPhase section */
		03E6C940222F61F900E60C17 /* Frameworks */ = {
			isa = PBXFrameworksBuildPhase;
			buildActionMask = 2147483647;
			files = (
			);
			runOnlyForDeploymentPostprocessing = 0;
		};
		03E6C954222F61FB00E60C17 /* Frameworks */ = {
			isa = PBXFrameworksBuildPhase;
			buildActionMask = 2147483647;
			files = (
			);
			runOnlyForDeploymentPostprocessing = 0;
		};
		03E6C95F222F61FB00E60C17 /* Frameworks */ = {
			isa = PBXFrameworksBuildPhase;
			buildActionMask = 2147483647;
			files = (
			);
			runOnlyForDeploymentPostprocessing = 0;
		};
/* End PBXFrameworksBuildPhase section */

/* Begin PBXGroup section */
		03E6C93A222F61F900E60C17 = {
			isa = PBXGroup;
			children = (
				03E6C945222F61F900E60C17 /* Parstagram */,
				03E6C95A222F61FB00E60C17 /* ParstagramTests */,
				03E6C965222F61FB00E60C17 /* ParstagramUITests */,
				03E6C944222F61F900E60C17 /* Products */,
			);
			sourceTree = "<group>";
		};
		03E6C944222F61F900E60C17 /* Products */ = {
			isa = PBXGroup;
			children = (
				03E6C943222F61F900E60C17 /* Parstagram.app */,
				03E6C957222F61FB00E60C17 /* ParstagramTests.xctest */,
				03E6C962222F61FB00E60C17 /* ParstagramUITests.xctest */,
			);
			name = Products;
			sourceTree = "<group>";
		};
		03E6C945222F61F900E60C17 /* Parstagram */ = {
			isa = PBXGroup;
			children = (
				03E6C946222F61F900E60C17 /* AppDelegate.swift */,
				03E6C948222F61F900E60C17 /* ViewController.swift */,
				03E6C94A222F61F900E60C17 /* Main.storyboard */,
				03E6C94D222F61FB00E60C17 /* Assets.xcassets */,
				03E6C94F222F61FB00E60C17 /* LaunchScreen.storyboard */,
				03E6C952222F61FB00E60C17 /* Info.plist */,
			);
			path = Parstagram;
			sourceTree = "<group>";
		};
		03E6C95A222F61FB00E60C17 /* ParstagramTests */ = {
			isa = PBXGroup;
			children = (
				03E6C95B222F61FB00E60C17 /* ParstagramTests.swift */,
				03E6C95D222F61FB00E60C17 /* Info.plist */,
			);
			path = ParstagramTests;
			sourceTree = "<group>";
		};
		03E6C965222F61FB00E60C17 /* ParstagramUITests */ = {
			isa = PBXGroup;
			children = (
				03E6C966222F61FB00E60C17 /* ParstagramUITests.swift */,
				03E6C968222F61FB00E60C17 /* Info.plist */,
			);
			path = ParstagramUITests;
			sourceTree = "<group>";
		};
/* End PBXGroup section */

/* Begin PBXNativeTarget section */
		03E6C942222F61F900E60C17 /* Parstagram */ = {
			isa = PBXNativeTarget;
			buildConfigurationList = 03E6C96B222F61FB00E60C17 /* Build configuration list for PBXNativeTarget "Parstagram" */;
			buildPhases = (
				03E6C93F222F61F900E60C17 /* Sources */,
				03E6C940222F61F900E60C17 /* Frameworks */,
				03E6C941222F61F900E60C17 /* Resources */,
			);
			buildRules = (
			);
			dependencies = (
			);
			name = Parstagram;
			productName = Parstagram;
			productReference = 03E6C943222F61F900E60C17 /* Parstagram.app */;
			productType = "com.apple.product-type.application";
		};
		03E6C956222F61FB00E60C17 /* ParstagramTests */ = {
			isa = PBXNativeTarget;
			buildConfigurationList = 03E6C96E222F61FB00E60C17 /* Build configuration list for PBXNativeTarget "ParstagramTests" */;
			buildPhases = (
				03E6C953222F61FB00E60C17 /* Sources */,
				03E6C954222F61FB00E60C17 /* Frameworks */,
				03E6C955222F61FB00E60C17 /* Resources */,
			);
			buildRules = (
			);
			dependencies = (
				03E6C959222F61FB00E60C17 /* PBXTargetDependency */,
			);
			name = ParstagramTests;
			productName = ParstagramTests;
			productReference = 03E6C957222F61FB00E60C17 /* ParstagramTests.xctest */;
			productType = "com.apple.product-type.bundle.unit-test";
		};
		03E6C961222F61FB00E60C17 /* ParstagramUITests */ = {
			isa = PBXNativeTarget;
			buildConfigurationList = 03E6C971222F61FB00E60C17 /* Build configuration list for PBXNativeTarget "ParstagramUITests" */;
			buildPhases = (
				03E6C95E222F61FB00E60C17 /* Sources */,
				03E6C95F222F61FB00E60C17 /* Frameworks */,
				03E6C960222F61FB00E60C17 /* Resources */,
			);
			buildRules = (
			);
			dependencies = (
				03E6C964222F61FB00E60C17 /* PBXTargetDependency */,
			);
			name = ParstagramUITests;
			productName = ParstagramUITests;
			productReference = 03E6C962222F61FB00E60C17 /* ParstagramUITests.xctest */;
			productType = "com.apple.product-type.bundle.ui-testing";
		};
/* End PBXNativeTarget section */

/* Begin PBXProject section */
		03E6C93B222F61F900E60C17 /* Project object */ = {
			isa = PBXProject;
			attributes = {
				LastSwiftUpdateCheck = 1010;
				LastUpgradeCheck = 1010;
				ORGANIZATIONNAME = clee;
				TargetAttributes = {
					03E6C942222F61F900E60C17 = {
						CreatedOnToolsVersion = 10.1;
					};
					03E6C956222F61FB00E60C17 = {
						CreatedOnToolsVersion = 10.1;
						TestTargetID = 03E6C942222F61F900E60C17;
					};
					03E6C961222F61FB00E60C17 = {
						CreatedOnToolsVersion = 10.1;
						TestTargetID = 03E6C942222F61F900E60C17;
					};
				};
			};
			buildConfigurationList = 03E6C93E222F61F900E60C17 /* Build configuration list for PBXProject "Parstagram" */;
			compatibilityVersion = "Xcode 9.3";
			developmentRegion = en;
			hasScannedForEncodings = 0;
			knownRegions = (
				en,
				Base,
			);
			mainGroup = 03E6C93A222F61F900E60C17;
			productRefGroup = 03E6C944222F61F900E60C17 /* Products */;
			projectDirPath = "";
			projectRoot = "";
			targets = (
				03E6C942222F61F900E60C17 /* Parstagram */,
				03E6C956222F61FB00E60C17 /* ParstagramTests */,
				03E6C961222F61FB00E60C17 /* ParstagramUITests */,
			);
		};
/* End PBXProject section */

/* Begin PBXResourcesBuildPhase section */
		03E6C941222F61F900E60C17 /* Resources */ = {
			isa = PBXResourcesBuildPhase;
			buildActionMask = 2147483647;
			files = (
				03E6C951222F61FB00E60C17 /* LaunchScreen.storyboard in Resources */,
				03E6C94E222F61FB00E60C17 /* Assets.xcassets in Resources */,
				03E6C94C222F61F900E60C17 /* Main.storyboard in Resources */,
			);
			runOnlyForDeploymentPostprocessing = 0;
		};
		03E6C955222F61FB00E60C17 /* Resources */ = {
			isa = PBXResourcesBuildPhase;
			buildActionMask = 2147483647;
			files = (
			);
			runOnlyForDeploymentPostprocessing = 0;
		};
		03E6C960222F61FB00E60C17 /* Resources */ = {
			isa = PBXResourcesBuildPhase;
			buildActionMask = 2147483647;
			files = (
			);
			runOnlyForDeploymentPostprocessing = 0;
		};
/* End PBXResourcesBuildPhase section */

/* Begin PBXSourcesBuildPhase section */
		03E6C93F222F61F900E60C17 /* Sources */ = {
			isa = PBXSourcesBuildPhase;
			buildActionMask = 2147483647;
			files = (
				03E6C949222F61F900E60C17 /* ViewController.swift in Sources */,
				03E6C947222F61F900E60C17 /* AppDelegate.swift in Sources */,
			);
			runOnlyForDeploymentPostprocessing = 0;
		};
		03E6C953222F61FB00E60C17 /* Sources */ = {
			isa = PBXSourcesBuildPhase;
			buildActionMask = 2147483647;
			files = (
				03E6C95C222F61FB00E60C17 /* ParstagramTests.swift in Sources */,
			);
			runOnlyForDeploymentPostprocessing = 0;
		};
		03E6C95E222F61FB00E60C17 /* Sources */ = {
			isa = PBXSourcesBuildPhase;
			buildActionMask = 2147483647;
			files = (
				03E6C967222F61FB00E60C17 /* ParstagramUITests.swift in Sources */,
			);
			runOnlyForDeploymentPostprocessing = 0;
		};
/* End PBXSourcesBuildPhase section */

/* Begin PBXTargetDependency section */
		03E6C959222F61FB00E60C17 /* PBXTargetDependency */ = {
			isa = PBXTargetDependency;
			target = 03E6C942222F61F900E60C17 /* Parstagram */;
			targetProxy = 03E6C958222F61FB00E60C17 /* PBXContainerItemProxy */;
		};
		03E6C964222F61FB00E60C17 /* PBXTargetDependency */ = {
			isa = PBXTargetDependency;
			target = 03E6C942222F61F900E60C17 /* Parstagram */;
			targetProxy = 03E6C963222F61FB00E60C17 /* PBXContainerItemProxy */;
		};
/* End PBXTargetDependency section */

/* Begin PBXVariantGroup section */
		03E6C94A222F61F900E60C17 /* Main.storyboard */ = {
			isa = PBXVariantGroup;
			children = (
				03E6C94B222F61F900E60C17 /* Base */,
			);
			name = Main.storyboard;
			sourceTree = "<group>";
		};
		03E6C94F222F61FB00E60C17 /* LaunchScreen.storyboard */ = {
			isa = PBXVariantGroup;
			children = (
				03E6C950222F61FB00E60C17 /* Base */,
			);
			name = LaunchScreen.storyboard;
			sourceTree = "<group>";
		};
/* End PBXVariantGroup section */

/* Begin XCBuildConfiguration section */
		03E6C969222F61FB00E60C17 /* Debug */ = {
			isa = XCBuildConfiguration;
			buildSettings = {
				ALWAYS_SEARCH_USER_PATHS = NO;
				CLANG_ANALYZER_NONNULL = YES;
				CLANG_ANALYZER_NUMBER_OBJECT_CONVERSION = YES_AGGRESSIVE;
				CLANG_CXX_LANGUAGE_STANDARD = "gnu++14";
				CLANG_CXX_LIBRARY = "libc++";
				CLANG_ENABLE_MODULES = YES;
				CLANG_ENABLE_OBJC_ARC = YES;
				CLANG_ENABLE_OBJC_WEAK = YES;
				CLANG_WARN_BLOCK_CAPTURE_AUTORELEASING = YES;
				CLANG_WARN_BOOL_CONVERSION = YES;
				CLANG_WARN_COMMA = YES;
				CLANG_WARN_CONSTANT_CONVERSION = YES;
				CLANG_WARN_DEPRECATED_OBJC_IMPLEMENTATIONS = YES;
				CLANG_WARN_DIRECT_OBJC_ISA_USAGE = YES_ERROR;
				CLANG_WARN_DOCUMENTATION_COMMENTS = YES;
				CLANG_WARN_EMPTY_BODY = YES;
				CLANG_WARN_ENUM_CONVERSION = YES;
				CLANG_WARN_INFINITE_RECURSION = YES;
				CLANG_WARN_INT_CONVERSION = YES;
				CLANG_WARN_NON_LITERAL_NULL_CONVERSION = YES;
				CLANG_WARN_OBJC_IMPLICIT_RETAIN_SELF = YES;
				CLANG_WARN_OBJC_LITERAL_CONVERSION = YES;
				CLANG_WARN_OBJC_ROOT_CLASS = YES_ERROR;
				CLANG_WARN_RANGE_LOOP_ANALYSIS = YES;
				CLANG_WARN_STRICT_PROTOTYPES = YES;
				CLANG_WARN_SUSPICIOUS_MOVE = YES;
				CLANG_WARN_UNGUARDED_AVAILABILITY = YES_AGGRESSIVE;
				CLANG_WARN_UNREACHABLE_CODE = YES;
				CLANG_WARN__DUPLICATE_METHOD_MATCH = YES;
				CODE_SIGN_IDENTITY = "iPhone Developer";
				COPY_PHASE_STRIP = NO;
				DEBUG_INFORMATION_FORMAT = dwarf;
				ENABLE_STRICT_OBJC_MSGSEND = YES;
				ENABLE_TESTABILITY = YES;
				GCC_C_LANGUAGE_STANDARD = gnu11;
				GCC_DYNAMIC_NO_PIC = NO;
				GCC_NO_COMMON_BLOCKS = YES;
				GCC_OPTIMIZATION_LEVEL = 0;
				GCC_PREPROCESSOR_DEFINITIONS = (
					"DEBUG=1",
					"$(inherited)",
				);
				GCC_WARN_64_TO_32_BIT_CONVERSION = YES;
				GCC_WARN_ABOUT_RETURN_TYPE = YES_ERROR;
				GCC_WARN_UNDECLARED_SELECTOR = YES;
				GCC_WARN_UNINITIALIZED_AUTOS = YES_AGGRESSIVE;
				GCC_WARN_UNUSED_FUNCTION = YES;
				GCC_WARN_UNUSED_VARIABLE = YES;
				IPHONEOS_DEPLOYMENT_TARGET = 12.1;
				MTL_ENABLE_DEBUG_INFO = INCLUDE_SOURCE;
				MTL_FAST_MATH = YES;
				ONLY_ACTIVE_ARCH = YES;
				SDKROOT = iphoneos;
				SWIFT_ACTIVE_COMPILATION_CONDITIONS = DEBUG;
				SWIFT_OPTIMIZATION_LEVEL = "-Onone";
			};
			name = Debug;
		};
		03E6C96A222F61FB00E60C17 /* Release */ = {
			isa = XCBuildConfiguration;
			buildSettings = {
				ALWAYS_SEARCH_USER_PATHS = NO;
				CLANG_ANALYZER_NONNULL = YES;
				CLANG_ANALYZER_NUMBER_OBJECT_CONVERSION = YES_AGGRESSIVE;
				CLANG_CXX_LANGUAGE_STANDARD = "gnu++14";
				CLANG_CXX_LIBRARY = "libc++";
				CLANG_ENABLE_MODULES = YES;
				CLANG_ENABLE_OBJC_ARC = YES;
				CLANG_ENABLE_OBJC_WEAK = YES;
				CLANG_WARN_BLOCK_CAPTURE_AUTORELEASING = YES;
				CLANG_WARN_BOOL_CONVERSION = YES;
				CLANG_WARN_COMMA = YES;
				CLANG_WARN_CONSTANT_CONVERSION = YES;
				CLANG_WARN_DEPRECATED_OBJC_IMPLEMENTATIONS = YES;
				CLANG_WARN_DIRECT_OBJC_ISA_USAGE = YES_ERROR;
				CLANG_WARN_DOCUMENTATION_COMMENTS = YES;
				CLANG_WARN_EMPTY_BODY = YES;
				CLANG_WARN_ENUM_CONVERSION = YES;
				CLANG_WARN_INFINITE_RECURSION = YES;
				CLANG_WARN_INT_CONVERSION = YES;
				CLANG_WARN_NON_LITERAL_NULL_CONVERSION = YES;
				CLANG_WARN_OBJC_IMPLICIT_RETAIN_SELF = YES;
				CLANG_WARN_OBJC_LITERAL_CONVERSION = YES;
				CLANG_WARN_OBJC_ROOT_CLASS = YES_ERROR;
				CLANG_WARN_RANGE_LOOP_ANALYSIS = YES;
				CLANG_WARN_STRICT_PROTOTYPES = YES;
				CLANG_WARN_SUSPICIOUS_MOVE = YES;
				CLANG_WARN_UNGUARDED_AVAILABILITY = YES_AGGRESSIVE;
				CLANG_WARN_UNREACHABLE_CODE = YES;
				CLANG_WARN__DUPLICATE_METHOD_MATCH = YES;
				CODE_SIGN_IDENTITY = "iPhone Developer";
				COPY_PHASE_STRIP = NO;
				DEBUG_INFORMATION_FORMAT = "dwarf-with-dsym";
				ENABLE_NS_ASSERTIONS = NO;
				ENABLE_STRICT_OBJC_MSGSEND = YES;
				GCC_C_LANGUAGE_STANDARD = gnu11;
				GCC_NO_COMMON_BLOCKS = YES;
				GCC_WARN_64_TO_32_BIT_CONVERSION = YES;
				GCC_WARN_ABOUT_RETURN_TYPE = YES_ERROR;
				GCC_WARN_UNDECLARED_SELECTOR = YES;
				GCC_WARN_UNINITIALIZED_AUTOS = YES_AGGRESSIVE;
				GCC_WARN_UNUSED_FUNCTION = YES;
				GCC_WARN_UNUSED_VARIABLE = YES;
				IPHONEOS_DEPLOYMENT_TARGET = 12.1;
				MTL_ENABLE_DEBUG_INFO = NO;
				MTL_FAST_MATH = YES;
				SDKROOT = iphoneos;
				SWIFT_COMPILATION_MODE = wholemodule;
				SWIFT_OPTIMIZATION_LEVEL = "-O";
				VALIDATE_PRODUCT = YES;
			};
			name = Release;
		};
		03E6C96C222F61FB00E60C17 /* Debug */ = {
			isa = XCBuildConfiguration;
			buildSettings = {
				ASSETCATALOG_COMPILER_APPICON_NAME = AppIcon;
				CODE_SIGN_STYLE = Automatic;
				INFOPLIST_FILE = Parstagram/Info.plist;
				LD_RUNPATH_SEARCH_PATHS = (
					"$(inherited)",
					"@executable_path/Frameworks",
				);
				PRODUCT_BUNDLE_IDENTIFIER = Info.Parstagram;
				PRODUCT_NAME = "$(TARGET_NAME)";
				SWIFT_VERSION = 4.2;
				TARGETED_DEVICE_FAMILY = "1,2";
			};
			name = Debug;
		};
		03E6C96D222F61FB00E60C17 /* Release */ = {
			isa = XCBuildConfiguration;
			buildSettings = {
				ASSETCATALOG_COMPILER_APPICON_NAME = AppIcon;
				CODE_SIGN_STYLE = Automatic;
				INFOPLIST_FILE = Parstagram/Info.plist;
				LD_RUNPATH_SEARCH_PATHS = (
					"$(inherited)",
					"@executable_path/Frameworks",
				);
				PRODUCT_BUNDLE_IDENTIFIER = Info.Parstagram;
				PRODUCT_NAME = "$(TARGET_NAME)";
				SWIFT_VERSION = 4.2;
				TARGETED_DEVICE_FAMILY = "1,2";
			};
			name = Release;
		};
		03E6C96F222F61FB00E60C17 /* Debug */ = {
			isa = XCBuildConfiguration;
			buildSettings = {
				ALWAYS_EMBED_SWIFT_STANDARD_LIBRARIES = YES;
				BUNDLE_LOADER = "$(TEST_HOST)";
				CODE_SIGN_STYLE = Automatic;
				INFOPLIST_FILE = ParstagramTests/Info.plist;
				LD_RUNPATH_SEARCH_PATHS = (
					"$(inherited)",
					"@executable_path/Frameworks",
					"@loader_path/Frameworks",
				);
				PRODUCT_BUNDLE_IDENTIFIER = Info.ParstagramTests;
				PRODUCT_NAME = "$(TARGET_NAME)";
				SWIFT_VERSION = 4.2;
				TARGETED_DEVICE_FAMILY = "1,2";
				TEST_HOST = "$(BUILT_PRODUCTS_DIR)/Parstagram.app/Parstagram";
			};
			name = Debug;
		};
		03E6C970222F61FB00E60C17 /* Release */ = {
			isa = XCBuildConfiguration;
			buildSettings = {
				ALWAYS_EMBED_SWIFT_STANDARD_LIBRARIES = YES;
				BUNDLE_LOADER = "$(TEST_HOST)";
				CODE_SIGN_STYLE = Automatic;
				INFOPLIST_FILE = ParstagramTests/Info.plist;
				LD_RUNPATH_SEARCH_PATHS = (
					"$(inherited)",
					"@executable_path/Frameworks",
					"@loader_path/Frameworks",
				);
				PRODUCT_BUNDLE_IDENTIFIER = Info.ParstagramTests;
				PRODUCT_NAME = "$(TARGET_NAME)";
				SWIFT_VERSION = 4.2;
				TARGETED_DEVICE_FAMILY = "1,2";
				TEST_HOST = "$(BUILT_PRODUCTS_DIR)/Parstagram.app/Parstagram";
			};
			name = Release;
		};
		03E6C972222F61FB00E60C17 /* Debug */ = {
			isa = XCBuildConfiguration;
			buildSettings = {
				ALWAYS_EMBED_SWIFT_STANDARD_LIBRARIES = YES;
				CODE_SIGN_STYLE = Automatic;
				INFOPLIST_FILE = ParstagramUITests/Info.plist;
				LD_RUNPATH_SEARCH_PATHS = (
					"$(inherited)",
					"@executable_path/Frameworks",
					"@loader_path/Frameworks",
				);
				PRODUCT_BUNDLE_IDENTIFIER = Info.ParstagramUITests;
				PRODUCT_NAME = "$(TARGET_NAME)";
				SWIFT_VERSION = 4.2;
				TARGETED_DEVICE_FAMILY = "1,2";
				TEST_TARGET_NAME = Parstagram;
			};
			name = Debug;
		};
		03E6C973222F61FB00E60C17 /* Release */ = {
			isa = XCBuildConfiguration;
			buildSettings = {
				ALWAYS_EMBED_SWIFT_STANDARD_LIBRARIES = YES;
				CODE_SIGN_STYLE = Automatic;
				INFOPLIST_FILE = ParstagramUITests/Info.plist;
				LD_RUNPATH_SEARCH_PATHS = (
					"$(inherited)",
					"@executable_path/Frameworks",
					"@loader_path/Frameworks",
				);
				PRODUCT_BUNDLE_IDENTIFIER = Info.ParstagramUITests;
				PRODUCT_NAME = "$(TARGET_NAME)";
				SWIFT_VERSION = 4.2;
				TARGETED_DEVICE_FAMILY = "1,2";
				TEST_TARGET_NAME = Parstagram;
			};
			name = Release;
		};
/* End XCBuildConfiguration section */

/* Begin XCConfigurationList section */
		03E6C93E222F61F900E60C17 /* Build configuration list for PBXProject "Parstagram" */ = {
			isa = XCConfigurationList;
			buildConfigurations = (
				03E6C969222F61FB00E60C17 /* Debug */,
				03E6C96A222F61FB00E60C17 /* Release */,
			);
			defaultConfigurationIsVisible = 0;
			defaultConfigurationName = Release;
		};
		03E6C96B222F61FB00E60C17 /* Build configuration list for PBXNativeTarget "Parstagram" */ = {
			isa = XCConfigurationList;
			buildConfigurations = (
				03E6C96C222F61FB00E60C17 /* Debug */,
				03E6C96D222F61FB00E60C17 /* Release */,
			);
			defaultConfigurationIsVisible = 0;
			defaultConfigurationName = Release;
		};
		03E6C96E222F61FB00E60C17 /* Build configuration list for PBXNativeTarget "ParstagramTests" */ = {
			isa = XCConfigurationList;
			buildConfigurations = (
				03E6C96F222F61FB00E60C17 /* Debug */,
				03E6C970222F61FB00E60C17 /* Release */,
			);
			defaultConfigurationIsVisible = 0;
			defaultConfigurationName = Release;
		};
		03E6C971222F61FB00E60C17 /* Build configuration list for PBXNativeTarget "ParstagramUITests" */ = {
			isa = XCConfigurationList;
			buildConfigurations = (
				03E6C972222F61FB00E60C17 /* Debug */,
				03E6C973222F61FB00E60C17 /* Release */,
			);
			defaultConfigurationIsVisible = 0;
			defaultConfigurationName = Release;
		};
/* End XCConfigurationList section */
	};
	rootObject = 03E6C93B222F61F900E60C17 /* Project object */;
}
